
Microsoft Visual Studio Solution File, Format Version 12.00
# Visual Studio Version 17
VisualStudioVersion = 17.14.37027.9 d17.14
MinimumVisualStudioVersion = 10.0.40219.1
Project("{FAE04EC0-301F-11D3-BF4B-00C04F79EFBC}") = "QuanLyKhachSan", "QuanLyKhachSan.csproj", "{65ECFADF-E92B-4116-BEAB-357406051479}"
EndProject
Global
	GlobalSection(SolutionConfigurationPlatforms) = preSolution
		Debug|Any CPU = Debug|Any CPU
		Release|Any CPU = Release|Any CPU
	EndGlobalSection
	GlobalSection(ProjectConfigurationPlatforms) = postSolution
		{65ECFADF-E92B-4116-BEAB-357406051479}.Debug|Any CPU.ActiveCfg = Debug|Any CPU
		{65ECFADF-E92B-4116-BEAB-357406051479}.Debug|Any CPU.Build.0 = Debug|Any CPU
		{65ECFADF-E92B-4116-BEAB-357406051479}.Release|Any CPU.ActiveCfg = Release|Any CPU
		{65ECFADF-E92B-4116-BEAB-357406051479}.Release|Any CPU.Build.0 = Release|Any CPU
	EndGlobalSection
	GlobalSection(SolutionProperties) = preSolution
		HideSolutionNode = FALSE
	EndGlobalSection
	GlobalSection(ExtensibilityGlobals) = postSolution
		SolutionGuid = {D5062359-7400-486B-8E98-907A15C5E801}
	EndGlobalSection
EndGlobal
